// !$*UTF8*$!
{
	archiveVersion = 1;
	classes = {
	};
	objectVersion = 55;
	objects = {

/* Begin PBXBuildFile section */
		BF75CEB5289711D200D87724 /* AppDelegate.swift in Sources */ = {isa = PBXBuildFile; fileRef = BF75CEB4289711D200D87724 /* AppDelegate.swift */; };
		BF75CEB7289711D200D87724 /* SceneDelegate.swift in Sources */ = {isa = PBXBuildFile; fileRef = BF75CEB6289711D200D87724 /* SceneDelegate.swift */; };
		BF75CEB9289711D200D87724 /* ViewController.swift in Sources */ = {isa = PBXBuildFile; fileRef = BF75CEB8289711D200D87724 /* ViewController.swift */; };
		BF75CEBC289711D200D87724 /* Main.storyboard in Resources */ = {isa = PBXBuildFile; fileRef = BF75CEBA289711D200D87724 /* Main.storyboard */; };
		BF75CEBE289711D200D87724 /* Assets.xcassets in Resources */ = {isa = PBXBuildFile; fileRef = BF75CEBD289711D200D87724 /* Assets.xcassets */; };
		BF75CEC1289711D200D87724 /* LaunchScreen.storyboard in Resources */ = {isa = PBXBuildFile; fileRef = BF75CEBF289711D200D87724 /* LaunchScreen.storyboard */; };
		BF75CEC92897121400D87724 /* SecondViewController.swift in Sources */ = {isa = PBXBuildFile; fileRef = BF75CEC82897121400D87724 /* SecondViewController.swift */; };
		BF75CECB2897122400D87724 /* ThirdViewController.swift in Sources */ = {isa = PBXBuildFile; fileRef = BF75CECA2897122400D87724 /* ThirdViewController.swift */; };
		BF75CECD2897123100D87724 /* FourthViewController.swift in Sources */ = {isa = PBXBuildFile; fileRef = BF75CECC2897123100D87724 /* FourthViewController.swift */; };
		BF75CECF2897123C00D87724 /* FifthViewController.swift in Sources */ = {isa = PBXBuildFile; fileRef = BF75CECE2897123C00D87724 /* FifthViewController.swift */; };
/* End PBXBuildFile section */

/* Begin PBXFileReference section */
		BF75CEB1289711D200D87724 /* DZ9-1_segue PlaninYuriy.app */ = {isa = PBXFileReference; explicitFileType = wrapper.application; includeInIndex = 0; path = "DZ9-1_segue PlaninYuriy.app"; sourceTree = BUILT_PRODUCTS_DIR; };
		BF75CEB4289711D200D87724 /* AppDelegate.swift */ = {isa = PBXFileReference; lastKnownFileType = sourcecode.swift; path = AppDelegate.swift; sourceTree = "<group>"; };
		BF75CEB6289711D200D87724 /* SceneDelegate.swift */ = {isa = PBXFileReference; lastKnownFileType = sourcecode.swift; path = SceneDelegate.swift; sourceTree = "<group>"; };
		BF75CEB8289711D200D87724 /* ViewController.swift */ = {isa = PBXFileReference; lastKnownFileType = sourcecode.swift; path = ViewController.swift; sourceTree = "<group>"; };
		BF75CEBB289711D200D87724 /* Base */ = {isa = PBXFileReference; lastKnownFileType = file.storyboard; name = Base; path = Base.lproj/Main.storyboard; sourceTree = "<group>"; };
		BF75CEBD289711D200D87724 /* Assets.xcassets */ = {isa = PBXFileReference; lastKnownFileType = folder.assetcatalog; path = Assets.xcassets; sourceTree = "<group>"; };
		BF75CEC0289711D200D87724 /* Base */ = {isa = PBXFileReference; lastKnownFileType = file.storyboard; name = Base; path = Base.lproj/LaunchScreen.storyboard; sourceTree = "<group>"; };
		BF75CEC2289711D200D87724 /* Info.plist */ = {isa = PBXFileReference; lastKnownFileType = text.plist.xml; path = Info.plist; sourceTree = "<group>"; };
		BF75CEC82897121400D87724 /* SecondViewController.swift */ = {isa = PBXFileReference; lastKnownFileType = sourcecode.swift; path = SecondViewController.swift; sourceTree = "<group>"; };
		BF75CECA2897122400D87724 /* ThirdViewController.swift */ = {isa = PBXFileReference; lastKnownFileType = sourcecode.swift; path = ThirdViewController.swift; sourceTree = "<group>"; };
		BF75CECC2897123100D87724 /* FourthViewController.swift */ = {isa = PBXFileReference; lastKnownFileType = sourcecode.swift; path = FourthViewController.swift; sourceTree = "<group>"; };
		BF75CECE2897123C00D87724 /* FifthViewController.swift */ = {isa = PBXFileReference; lastKnownFileType = sourcecode.swift; path = FifthViewController.swift; sourceTree = "<group>"; };
/* End PBXFileReference section */

/* Begin PBXFrameworksBuildPhase section */
		BF75CEAE289711D200D87724 /* Frameworks */ = {
			isa = PBXFrameworksBuildPhase;
			buildActionMask = 2147483647;
			files = (
			);
			runOnlyForDeploymentPostprocessing = 0;
		};
/* End PBXFrameworksBuildPhase section */

/* Begin PBXGroup section */
		BF75CEA8289711D200D87724 = {
			isa = PBXGroup;
			children = (
				BF75CEB3289711D200D87724 /* DZ9-1_segue PlaninYuriy */,
				BF75CEB2289711D200D87724 /* Products */,
			);
			sourceTree = "<group>";
		};
		BF75CEB2289711D200D87724 /* Products */ = {
			isa = PBXGroup;
			children = (
				BF75CEB1289711D200D87724 /* DZ9-1_segue PlaninYuriy.app */,
			);
			name = Products;
			sourceTree = "<group>";
		};
		BF75CEB3289711D200D87724 /* DZ9-1_segue PlaninYuriy */ = {
			isa = PBXGroup;
			children = (
				BF75CEB4289711D200D87724 /* AppDelegate.swift */,
				BF75CEB6289711D200D87724 /* SceneDelegate.swift */,
				BF75CEB8289711D200D87724 /* ViewController.swift */,
				BF75CEC82897121400D87724 /* SecondViewController.swift */,
				BF75CECA2897122400D87724 /* ThirdViewController.swift */,
				BF75CECC2897123100D87724 /* FourthViewController.swift */,
				BF75CECE2897123C00D87724 /* FifthViewController.swift */,
				BF75CEBA289711D200D87724 /* Main.storyboard */,
				BF75CEBD289711D200D87724 /* Assets.xcassets */,
				BF75CEBF289711D200D87724 /* LaunchScreen.storyboard */,
				BF75CEC2289711D200D87724 /* Info.plist */,
			);
			path = "DZ9-1_segue PlaninYuriy";
			sourceTree = "<group>";
		};
/* End PBXGroup section */

/* Begin PBXNativeTarget section */
		BF75CEB0289711D200D87724 /* DZ9-1_segue PlaninYuriy */ = {
			isa = PBXNativeTarget;
			buildConfigurationList = BF75CEC5289711D200D87724 /* Build configuration list for PBXNativeTarget "DZ9-1_segue PlaninYuriy" */;
			buildPhases = (
				BF75CEAD289711D200D87724 /* Sources */,
				BF75CEAE289711D200D87724 /* Frameworks */,
				BF75CEAF289711D200D87724 /* Resources */,
			);
			buildRules = (
			);
			dependencies = (
			);
			name = "DZ9-1_segue PlaninYuriy";
			productName = "DZ9-1_segue PlaninYuriy";
			productReference = BF75CEB1289711D200D87724 /* DZ9-1_segue PlaninYuriy.app */;
			productType = "com.apple.product-type.application";
		};
/* End PBXNativeTarget section */

/* Begin PBXProject section */
		BF75CEA9289711D200D87724 /* Project object */ = {
			isa = PBXProject;
			attributes = {
				BuildIndependentTargetsInParallel = 1;
				LastSwiftUpdateCheck = 1340;
				LastUpgradeCheck = 1340;
				TargetAttributes = {
					BF75CEB0289711D200D87724 = {
						CreatedOnToolsVersion = 13.4.1;
					};
				};
			};
			buildConfigurationList = BF75CEAC289711D200D87724 /* Build configuration list for PBXProject "DZ9-1_segue PlaninYuriy" */;
			compatibilityVersion = "Xcode 13.0";
			developmentRegion = en;
			hasScannedForEncodings = 0;
			knownRegions = (
				en,
				Base,
			);
			mainGroup = BF75CEA8289711D200D87724;
			productRefGroup = BF75CEB2289711D200D87724 /* Products */;
			projectDirPath = "";
			projectRoot = "";
			targets = (
				BF75CEB0289711D200D87724 /* DZ9-1_segue PlaninYuriy */,
			);
		};
/* End PBXProject section */

/* Begin PBXResourcesBuildPhase section */
		BF75CEAF289711D200D87724 /* Resources */ = {
			isa = PBXResourcesBuildPhase;
			buildActionMask = 2147483647;
			files = (
				BF75CEC1289711D200D87724 /* LaunchScreen.storyboard in Resources */,
				BF75CEBE289711D200D87724 /* Assets.xcassets in Resources */,
				BF75CEBC289711D200D87724 /* Main.storyboard in Resources */,
			);
			runOnlyForDeploymentPostprocessing = 0;
		};
/* End PBXResourcesBuildPhase section */

/* Begin PBXSourcesBuildPhase section */
		BF75CEAD289711D200D87724 /* Sources */ = {
			isa = PBXSourcesBuildPhase;
			buildActionMask = 2147483647;
			files = (
				BF75CECD2897123100D87724 /* FourthViewController.swift in Sources */,
				BF75CEC92897121400D87724 /* SecondViewController.swift in Sources */,
				BF75CEB9289711D200D87724 /* ViewController.swift in Sources */,
				BF75CECB2897122400D87724 /* ThirdViewController.swift in Sources */,
				BF75CEB5289711D200D87724 /* AppDelegate.swift in Sources */,
				BF75CEB7289711D200D87724 /* SceneDelegate.swift in Sources */,
				BF75CECF2897123C00D87724 /* FifthViewController.swift in Sources */,
			);
			runOnlyForDeploymentPostprocessing = 0;
		};
/* End PBXSourcesBuildPhase section */

/* Begin PBXVariantGroup section */
		BF75CEBA289711D200D87724 /* Main.storyboard */ = {
			isa = PBXVariantGroup;
			children = (
				BF75CEBB289711D200D87724 /* Base */,
			);
			name = Main.storyboard;
			sourceTree = "<group>";
		};
		BF75CEBF289711D200D87724 /* LaunchScreen.storyboard */ = {
			isa = PBXVariantGroup;
			children = (
				BF75CEC0289711D200D87724 /* Base */,
			);
			name = LaunchScreen.storyboard;
			sourceTree = "<group>";
		};
/* End PBXVariantGroup section */

/* Begin XCBuildConfiguration section */
		BF75CEC3289711D200D87724 /* Debug */ = {
			isa = XCBuildConfiguration;
			buildSettings = {
				ALWAYS_SEARCH_USER_PATHS = NO;
				CLANG_ANALYZER_NONNULL = YES;
				CLANG_ANALYZER_NUMBER_OBJECT_CONVERSION = YES_AGGRESSIVE;
				CLANG_CXX_LANGUAGE_STANDARD = "gnu++17";
				CLANG_ENABLE_MODULES = YES;
				CLANG_ENABLE_OBJC_ARC = YES;
				CLANG_ENABLE_OBJC_WEAK = YES;
				CLANG_WARN_BLOCK_CAPTURE_AUTORELEASING = YES;
				CLANG_WARN_BOOL_CONVERSION = YES;
				CLANG_WARN_COMMA = YES;
				CLANG_WARN_CONSTANT_CONVERSION = YES;
				CLANG_WARN_DEPRECATED_OBJC_IMPLEMENTATIONS = YES;
				CLANG_WARN_DIRECT_OBJC_ISA_USAGE = YES_ERROR;
				CLANG_WARN_DOCUMENTATION_COMMENTS = YES;
				CLANG_WARN_EMPTY_BODY = YES;
				CLANG_WARN_ENUM_CONVERSION = YES;
				CLANG_WARN_INFINITE_RECURSION = YES;
				CLANG_WARN_INT_CONVERSION = YES;
				CLANG_WARN_NON_LITERAL_NULL_CONVERSION = YES;
				CLANG_WARN_OBJC_IMPLICIT_RETAIN_SELF = YES;
				CLANG_WARN_OBJC_LITERAL_CONVERSION = YES;
				CLANG_WARN_OBJC_ROOT_CLASS = YES_ERROR;
				CLANG_WARN_QUOTED_INCLUDE_IN_FRAMEWORK_HEADER = YES;
				CLANG_WARN_RANGE_LOOP_ANALYSIS = YES;
				CLANG_WARN_STRICT_PROTOTYPES = YES;
				CLANG_WARN_SUSPICIOUS_MOVE = YES;
				CLANG_WARN_UNGUARDED_AVAILABILITY = YES_AGGRESSIVE;
				CLANG_WARN_UNREACHABLE_CODE = YES;
				CLANG_WARN__DUPLICATE_METHOD_MATCH = YES;
				COPY_PHASE_STRIP = NO;
				DEBUG_INFORMATION_FORMAT = dwarf;
				ENABLE_STRICT_OBJC_MSGSEND = YES;
				ENABLE_TESTABILITY = YES;
				GCC_C_LANGUAGE_STANDARD = gnu11;
				GCC_DYNAMIC_NO_PIC = NO;
				GCC_NO_COMMON_BLOCKS = YES;
				GCC_OPTIMIZATION_LEVEL = 0;
				GCC_PREPROCESSOR_DEFINITIONS = (
					"DEBUG=1",
					"$(inherited)",
				);
				GCC_WARN_64_TO_32_BIT_CONVERSION = YES;
				GCC_WARN_ABOUT_RETURN_TYPE = YES_ERROR;
				GCC_WARN_UNDECLARED_SELECTOR = YES;
				GCC_WARN_UNINITIALIZED_AUTOS = YES_AGGRESSIVE;
				GCC_WARN_UNUSED_FUNCTION = YES;
				GCC_WARN_UNUSED_VARIABLE = YES;
				IPHONEOS_DEPLOYMENT_TARGET = 15.5;
				MTL_ENABLE_DEBUG_INFO = INCLUDE_SOURCE;
				MTL_FAST_MATH = YES;
				ONLY_ACTIVE_ARCH = YES;
				SDKROOT = iphoneos;
				SWIFT_ACTIVE_COMPILATION_CONDITIONS = DEBUG;
				SWIFT_OPTIMIZATION_LEVEL = "-Onone";
			};
			name = Debug;
		};
		BF75CEC4289711D200D87724 /* Release */ = {
			isa = XCBuildConfiguration;
			buildSettings = {
				ALWAYS_SEARCH_USER_PATHS = NO;
				CLANG_ANALYZER_NONNULL = YES;
				CLANG_ANALYZER_NUMBER_OBJECT_CONVERSION = YES_AGGRESSIVE;
				CLANG_CXX_LANGUAGE_STANDARD = "gnu++17";
				CLANG_ENABLE_MODULES = YES;
				CLANG_ENABLE_OBJC_ARC = YES;
				CLANG_ENABLE_OBJC_WEAK = YES;
				CLANG_WARN_BLOCK_CAPTURE_AUTORELEASING = YES;
				CLANG_WARN_BOOL_CONVERSION = YES;
				CLANG_WARN_COMMA = YES;
				CLANG_WARN_CONSTANT_CONVERSION = YES;
				CLANG_WARN_DEPRECATED_OBJC_IMPLEMENTATIONS = YES;
				CLANG_WARN_DIRECT_OBJC_ISA_USAGE = YES_ERROR;
				CLANG_WARN_DOCUMENTATION_COMMENTS = YES;
				CLANG_WARN_EMPTY_BODY = YES;
				CLANG_WARN_ENUM_CONVERSION = YES;
				CLANG_WARN_INFINITE_RECURSION = YES;
				CLANG_WARN_INT_CONVERSION = YES;
				CLANG_WARN_NON_LITERAL_NULL_CONVERSION = YES;
				CLANG_WARN_OBJC_IMPLICIT_RETAIN_SELF = YES;
				CLANG_WARN_OBJC_LITERAL_CONVERSION = YES;
				CLANG_WARN_OBJC_ROOT_CLASS = YES_ERROR;
				CLANG_WARN_QUOTED_INCLUDE_IN_FRAMEWORK_HEADER = YES;
				CLANG_WARN_RANGE_LOOP_ANALYSIS = YES;
				CLANG_WARN_STRICT_PROTOTYPES = YES;
				CLANG_WARN_SUSPICIOUS_MOVE = YES;
				CLANG_WARN_UNGUARDED_AVAILABILITY = YES_AGGRESSIVE;
				CLANG_WARN_UNREACHABLE_CODE = YES;
				CLANG_WARN__DUPLICATE_METHOD_MATCH = YES;
				COPY_PHASE_STRIP = NO;
				DEBUG_INFORMATION_FORMAT = "dwarf-with-dsym";
				ENABLE_NS_ASSERTIONS = NO;
				ENABLE_STRICT_OBJC_MSGSEND = YES;
				GCC_C_LANGUAGE_STANDARD = gnu11;
				GCC_NO_COMMON_BLOCKS = YES;
				GCC_WARN_64_TO_32_BIT_CONVERSION = YES;
				GCC_WARN_ABOUT_RETURN_TYPE = YES_ERROR;
				GCC_WARN_UNDECLARED_SELECTOR = YES;
				GCC_WARN_UNINITIALIZED_AUTOS = YES_AGGRESSIVE;
				GCC_WARN_UNUSED_FUNCTION = YES;
				GCC_WARN_UNUSED_VARIABLE = YES;
				IPHONEOS_DEPLOYMENT_TARGET = 15.5;
				MTL_ENABLE_DEBUG_INFO = NO;
				MTL_FAST_MATH = YES;
				SDKROOT = iphoneos;
				SWIFT_COMPILATION_MODE = wholemodule;
				SWIFT_OPTIMIZATION_LEVEL = "-O";
				VALIDATE_PRODUCT = YES;
			};
			name = Release;
		};
		BF75CEC6289711D200D87724 /* Debug */ = {
			isa = XCBuildConfiguration;
			buildSettings = {
				ASSETCATALOG_COMPILER_APPICON_NAME = AppIcon;
				ASSETCATALOG_COMPILER_GLOBAL_ACCENT_COLOR_NAME = AccentColor;
				CODE_SIGN_STYLE = Automatic;
				CURRENT_PROJECT_VERSION = 1;
				GENERATE_INFOPLIST_FILE = YES;
				INFOPLIST_FILE = "DZ9-1_segue PlaninYuriy/Info.plist";
				INFOPLIST_KEY_UIApplicationSupportsIndirectInputEvents = YES;
				INFOPLIST_KEY_UILaunchStoryboardName = LaunchScreen;
				INFOPLIST_KEY_UIMainStoryboardFile = Main;
				INFOPLIST_KEY_UISupportedInterfaceOrientations_iPad = "UIInterfaceOrientationPortrait UIInterfaceOrientationPortraitUpsideDown UIInterfaceOrientationLandscapeLeft UIInterfaceOrientationLandscapeRight";
				INFOPLIST_KEY_UISupportedInterfaceOrientations_iPhone = "UIInterfaceOrientationPortrait UIInterfaceOrientationLandscapeLeft UIInterfaceOrientationLandscapeRight";
				LD_RUNPATH_SEARCH_PATHS = (
					"$(inherited)",
					"@executable_path/Frameworks",
				);
				MARKETING_VERSION = 1.0;
				PRODUCT_BUNDLE_IDENTIFIER = "TMC.DZ9-1-segue-PlaninYuriy";
				PRODUCT_NAME = "$(TARGET_NAME)";
				SWIFT_EMIT_LOC_STRINGS = YES;
				SWIFT_VERSION = 5.0;
				TARGETED_DEVICE_FAMILY = "1,2";
			};
			name = Debug;
		};
		BF75CEC7289711D200D87724 /* Release */ = {
			isa = XCBuildConfiguration;
			buildSettings = {
				ASSETCATALOG_COMPILER_APPICON_NAME = AppIcon;
				ASSETCATALOG_COMPILER_GLOBAL_ACCENT_COLOR_NAME = AccentColor;
				CODE_SIGN_STYLE = Automatic;
				CURRENT_PROJECT_VERSION = 1;
				GENERATE_INFOPLIST_FILE = YES;
				INFOPLIST_FILE = "DZ9-1_segue PlaninYuriy/Info.plist";
				INFOPLIST_KEY_UIApplicationSupportsIndirectInputEvents = YES;
				INFOPLIST_KEY_UILaunchStoryboardName = LaunchScreen;
				INFOPLIST_KEY_UIMainStoryboardFile = Main;
				INFOPLIST_KEY_UISupportedInterfaceOrientations_iPad = "UIInterfaceOrientationPortrait UIInterfaceOrientationPortraitUpsideDown UIInterfaceOrientationLandscapeLeft UIInterfaceOrientationLandscapeRight";
				INFOPLIST_KEY_UISupportedInterfaceOrientations_iPhone = "UIInterfaceOrientationPortrait UIInterfaceOrientationLandscapeLeft UIInterfaceOrientationLandscapeRight";
				LD_RUNPATH_SEARCH_PATHS = (
					"$(inherited)",
					"@executable_path/Frameworks",
				);
				MARKETING_VERSION = 1.0;
				PRODUCT_BUNDLE_IDENTIFIER = "TMC.DZ9-1-segue-PlaninYuriy";
				PRODUCT_NAME = "$(TARGET_NAME)";
				SWIFT_EMIT_LOC_STRINGS = YES;
				SWIFT_VERSION = 5.0;
				TARGETED_DEVICE_FAMILY = "1,2";
			};
			name = Release;
		};
/* End XCBuildConfiguration section */

/* Begin XCConfigurationList section */
		BF75CEAC289711D200D87724 /* Build configuration list for PBXProject "DZ9-1_segue PlaninYuriy" */ = {
			isa = XCConfigurationList;
			buildConfigurations = (
				BF75CEC3289711D200D87724 /* Debug */,
				BF75CEC4289711D200D87724 /* Release */,
			);
			defaultConfigurationIsVisible = 0;
			defaultConfigurationName = Release;
		};
		BF75CEC5289711D200D87724 /* Build configuration list for PBXNativeTarget "DZ9-1_segue PlaninYuriy" */ = {
			isa = XCConfigurationList;
			buildConfigurations = (
				BF75CEC6289711D200D87724 /* Debug */,
				BF75CEC7289711D200D87724 /* Release */,
			);
			defaultConfigurationIsVisible = 0;
			defaultConfigurationName = Release;
		};
/* End XCConfigurationList section */
	};
	rootObject = BF75CEA9289711D200D87724 /* Project object */;
}
